// !$*UTF8*$!
{
	archiveVersion = 1;
	classes = {
	};
	objectVersion = 48;
	objects = {

/* Begin PBXBuildFile section */
		40426FC3204F3B4B00720A53 /* Bundle.swift in Sources */ = {isa = PBXBuildFile; fileRef = 40426FC1204F3B4B00720A53 /* Bundle.swift */; };
		40426FC4204F3B4B00720A53 /* Url.swift in Sources */ = {isa = PBXBuildFile; fileRef = 40426FC2204F3B4B00720A53 /* Url.swift */; };
		40BD6D02204F367B006ACB55 /* PersistenceFramework.framework in Frameworks */ = {isa = PBXBuildFile; fileRef = 40BD6CF8204F367B006ACB55 /* PersistenceFramework.framework */; };
		40BD6D07204F367B006ACB55 /* PersistenceFrameworkTests.swift in Sources */ = {isa = PBXBuildFile; fileRef = 40BD6D06204F367B006ACB55 /* PersistenceFrameworkTests.swift */; };
		40BD6D09204F367B006ACB55 /* PersistenceFramework.h in Headers */ = {isa = PBXBuildFile; fileRef = 40BD6CFB204F367B006ACB55 /* PersistenceFramework.h */; settings = {ATTRIBUTES = (Public, ); }; };
		40BD6D15204F36C7006ACB55 /* RealmAPI.swift in Sources */ = {isa = PBXBuildFile; fileRef = 40BD6D14204F36C7006ACB55 /* RealmAPI.swift */; };
		40BD6D1A204F36FC006ACB55 /* RealmManager.swift in Sources */ = {isa = PBXBuildFile; fileRef = 40BD6D19204F36FC006ACB55 /* RealmManager.swift */; };
		85AA217CA66EA55453E7114D /* Pods_PersistenceFramework.framework in Frameworks */ = {isa = PBXBuildFile; fileRef = 5528612B02E00E434A04D177 /* Pods_PersistenceFramework.framework */; };
		EE3A71EC7F2293989A843CC5 /* Pods_PersistenceFrameworkTests.framework in Frameworks */ = {isa = PBXBuildFile; fileRef = 258FD223444D8947CB1F019A /* Pods_PersistenceFrameworkTests.framework */; };
/* End PBXBuildFile section */

/* Begin PBXContainerItemProxy section */
		40BD6D03204F367B006ACB55 /* PBXContainerItemProxy */ = {
			isa = PBXContainerItemProxy;
			containerPortal = 40BD6CEF204F367B006ACB55 /* Project object */;
			proxyType = 1;
			remoteGlobalIDString = 40BD6CF7204F367B006ACB55;
			remoteInfo = PersistenceFramework;
		};
/* End PBXContainerItemProxy section */

/* Begin PBXFileReference section */
		258FD223444D8947CB1F019A /* Pods_PersistenceFrameworkTests.framework */ = {isa = PBXFileReference; explicitFileType = wrapper.framework; includeInIndex = 0; path = Pods_PersistenceFrameworkTests.framework; sourceTree = BUILT_PRODUCTS_DIR; };
		3255651D4871416F100B57DE /* Pods-PersistenceFramework.release.xcconfig */ = {isa = PBXFileReference; includeInIndex = 1; lastKnownFileType = text.xcconfig; name = "Pods-PersistenceFramework.release.xcconfig"; path = "Pods/Target Support Files/Pods-PersistenceFramework/Pods-PersistenceFramework.release.xcconfig"; sourceTree = "<group>"; };
		40426FC1204F3B4B00720A53 /* Bundle.swift */ = {isa = PBXFileReference; fileEncoding = 4; lastKnownFileType = sourcecode.swift; path = Bundle.swift; sourceTree = "<group>"; };
		40426FC2204F3B4B00720A53 /* Url.swift */ = {isa = PBXFileReference; fileEncoding = 4; lastKnownFileType = sourcecode.swift; path = Url.swift; sourceTree = "<group>"; };
		40BD6CF8204F367B006ACB55 /* PersistenceFramework.framework */ = {isa = PBXFileReference; explicitFileType = wrapper.framework; includeInIndex = 0; path = PersistenceFramework.framework; sourceTree = BUILT_PRODUCTS_DIR; };
		40BD6CFB204F367B006ACB55 /* PersistenceFramework.h */ = {isa = PBXFileReference; lastKnownFileType = sourcecode.c.h; path = PersistenceFramework.h; sourceTree = "<group>"; };
		40BD6CFC204F367B006ACB55 /* Info.plist */ = {isa = PBXFileReference; lastKnownFileType = text.plist.xml; path = Info.plist; sourceTree = "<group>"; };
		40BD6D01204F367B006ACB55 /* PersistenceFrameworkTests.xctest */ = {isa = PBXFileReference; explicitFileType = wrapper.cfbundle; includeInIndex = 0; path = PersistenceFrameworkTests.xctest; sourceTree = BUILT_PRODUCTS_DIR; };
		40BD6D06204F367B006ACB55 /* PersistenceFrameworkTests.swift */ = {isa = PBXFileReference; lastKnownFileType = sourcecode.swift; path = PersistenceFrameworkTests.swift; sourceTree = "<group>"; };
		40BD6D08204F367B006ACB55 /* Info.plist */ = {isa = PBXFileReference; lastKnownFileType = text.plist.xml; path = Info.plist; sourceTree = "<group>"; };
		40BD6D14204F36C7006ACB55 /* RealmAPI.swift */ = {isa = PBXFileReference; fileEncoding = 4; lastKnownFileType = sourcecode.swift; path = RealmAPI.swift; sourceTree = "<group>"; };
		40BD6D19204F36FC006ACB55 /* RealmManager.swift */ = {isa = PBXFileReference; fileEncoding = 4; lastKnownFileType = sourcecode.swift; path = RealmManager.swift; sourceTree = "<group>"; };
		5528612B02E00E434A04D177 /* Pods_PersistenceFramework.framework */ = {isa = PBXFileReference; explicitFileType = wrapper.framework; includeInIndex = 0; path = Pods_PersistenceFramework.framework; sourceTree = BUILT_PRODUCTS_DIR; };
		6F6AB9017BFAF7CCCE834D74 /* Pods-PersistenceFrameworkTests.release.xcconfig */ = {isa = PBXFileReference; includeInIndex = 1; lastKnownFileType = text.xcconfig; name = "Pods-PersistenceFrameworkTests.release.xcconfig"; path = "Pods/Target Support Files/Pods-PersistenceFrameworkTests/Pods-PersistenceFrameworkTests.release.xcconfig"; sourceTree = "<group>"; };
		F3BB5507B7F9F33E4255CCB3 /* Pods-PersistenceFrameworkTests.debug.xcconfig */ = {isa = PBXFileReference; includeInIndex = 1; lastKnownFileType = text.xcconfig; name = "Pods-PersistenceFrameworkTests.debug.xcconfig"; path = "Pods/Target Support Files/Pods-PersistenceFrameworkTests/Pods-PersistenceFrameworkTests.debug.xcconfig"; sourceTree = "<group>"; };
		FC4999F20C24E1AC66F6629F /* Pods-PersistenceFramework.debug.xcconfig */ = {isa = PBXFileReference; includeInIndex = 1; lastKnownFileType = text.xcconfig; name = "Pods-PersistenceFramework.debug.xcconfig"; path = "Pods/Target Support Files/Pods-PersistenceFramework/Pods-PersistenceFramework.debug.xcconfig"; sourceTree = "<group>"; };
/* End PBXFileReference section */

/* Begin PBXFrameworksBuildPhase section */
		40BD6CF4204F367B006ACB55 /* Frameworks */ = {
			isa = PBXFrameworksBuildPhase;
			buildActionMask = 2147483647;
			files = (
				85AA217CA66EA55453E7114D /* Pods_PersistenceFramework.framework in Frameworks */,
			);
			runOnlyForDeploymentPostprocessing = 0;
		};
		40BD6CFE204F367B006ACB55 /* Frameworks */ = {
			isa = PBXFrameworksBuildPhase;
			buildActionMask = 2147483647;
			files = (
				40BD6D02204F367B006ACB55 /* PersistenceFramework.framework in Frameworks */,
				EE3A71EC7F2293989A843CC5 /* Pods_PersistenceFrameworkTests.framework in Frameworks */,
			);
			runOnlyForDeploymentPostprocessing = 0;
		};
/* End PBXFrameworksBuildPhase section */

/* Begin PBXGroup section */
		01179B5A1993A33AE9612C0A /* Pods */ = {
			isa = PBXGroup;
			children = (
				FC4999F20C24E1AC66F6629F /* Pods-PersistenceFramework.debug.xcconfig */,
				3255651D4871416F100B57DE /* Pods-PersistenceFramework.release.xcconfig */,
				F3BB5507B7F9F33E4255CCB3 /* Pods-PersistenceFrameworkTests.debug.xcconfig */,
				6F6AB9017BFAF7CCCE834D74 /* Pods-PersistenceFrameworkTests.release.xcconfig */,
			);
			name = Pods;
			sourceTree = "<group>";
		};
		40426FC0204F3AE600720A53 /* Extensions */ = {
			isa = PBXGroup;
			children = (
				40426FC1204F3B4B00720A53 /* Bundle.swift */,
				40426FC2204F3B4B00720A53 /* Url.swift */,
			);
			path = Extensions;
			sourceTree = "<group>";
		};
		40BD6CEE204F367B006ACB55 = {
			isa = PBXGroup;
			children = (
				40BD6CFA204F367B006ACB55 /* PersistenceFramework */,
				40BD6D05204F367B006ACB55 /* PersistenceFrameworkTests */,
				40BD6CF9204F367B006ACB55 /* Products */,
				01179B5A1993A33AE9612C0A /* Pods */,
				CFCFB0A1580C3490A6DD8712 /* Frameworks */,
			);
			sourceTree = "<group>";
		};
		40BD6CF9204F367B006ACB55 /* Products */ = {
			isa = PBXGroup;
			children = (
				40BD6CF8204F367B006ACB55 /* PersistenceFramework.framework */,
				40BD6D01204F367B006ACB55 /* PersistenceFrameworkTests.xctest */,
			);
			name = Products;
			sourceTree = "<group>";
		};
		40BD6CFA204F367B006ACB55 /* PersistenceFramework */ = {
			isa = PBXGroup;
			children = (
				40426FC0204F3AE600720A53 /* Extensions */,
				40BD6D13204F36B0006ACB55 /* Realm */,
				40BD6CFB204F367B006ACB55 /* PersistenceFramework.h */,
				40BD6CFC204F367B006ACB55 /* Info.plist */,
			);
			path = PersistenceFramework;
			sourceTree = "<group>";
		};
		40BD6D05204F367B006ACB55 /* PersistenceFrameworkTests */ = {
			isa = PBXGroup;
			children = (
				40BD6D06204F367B006ACB55 /* PersistenceFrameworkTests.swift */,
				40BD6D08204F367B006ACB55 /* Info.plist */,
			);
			path = PersistenceFrameworkTests;
			sourceTree = "<group>";
		};
		40BD6D13204F36B0006ACB55 /* Realm */ = {
			isa = PBXGroup;
			children = (
				40BD6D19204F36FC006ACB55 /* RealmManager.swift */,
				40BD6D14204F36C7006ACB55 /* RealmAPI.swift */,
			);
			path = Realm;
			sourceTree = "<group>";
		};
		CFCFB0A1580C3490A6DD8712 /* Frameworks */ = {
			isa = PBXGroup;
			children = (
				5528612B02E00E434A04D177 /* Pods_PersistenceFramework.framework */,
				258FD223444D8947CB1F019A /* Pods_PersistenceFrameworkTests.framework */,
			);
			name = Frameworks;
			sourceTree = "<group>";
		};
/* End PBXGroup section */

/* Begin PBXHeadersBuildPhase section */
		40BD6CF5204F367B006ACB55 /* Headers */ = {
			isa = PBXHeadersBuildPhase;
			buildActionMask = 2147483647;
			files = (
				40BD6D09204F367B006ACB55 /* PersistenceFramework.h in Headers */,
			);
			runOnlyForDeploymentPostprocessing = 0;
		};
/* End PBXHeadersBuildPhase section */

/* Begin PBXNativeTarget section */
		40BD6CF7204F367B006ACB55 /* PersistenceFramework */ = {
			isa = PBXNativeTarget;
			buildConfigurationList = 40BD6D0C204F367B006ACB55 /* Build configuration list for PBXNativeTarget "PersistenceFramework" */;
			buildPhases = (
				0E92423A6B9F602BCEFEEC2D /* [CP] Check Pods Manifest.lock */,
				40BD6CF3204F367B006ACB55 /* Sources */,
				40BD6CF4204F367B006ACB55 /* Frameworks */,
				40BD6CF5204F367B006ACB55 /* Headers */,
				40BD6CF6204F367B006ACB55 /* Resources */,
				E81BAD8434EBCEA8CD1511B1 /* [CP] Copy Pods Resources */,
			);
			buildRules = (
			);
			dependencies = (
			);
			name = PersistenceFramework;
			productName = PersistenceFramework;
			productReference = 40BD6CF8204F367B006ACB55 /* PersistenceFramework.framework */;
			productType = "com.apple.product-type.framework";
		};
		40BD6D00204F367B006ACB55 /* PersistenceFrameworkTests */ = {
			isa = PBXNativeTarget;
			buildConfigurationList = 40BD6D0F204F367B006ACB55 /* Build configuration list for PBXNativeTarget "PersistenceFrameworkTests" */;
			buildPhases = (
				649531B0313816D1A8A799D8 /* [CP] Check Pods Manifest.lock */,
				40BD6CFD204F367B006ACB55 /* Sources */,
				40BD6CFE204F367B006ACB55 /* Frameworks */,
				40BD6CFF204F367B006ACB55 /* Resources */,
				18AE784D2237C53E9674912D /* [CP] Embed Pods Frameworks */,
				C9319E45ED2E2ECA37ED49C3 /* [CP] Copy Pods Resources */,
			);
			buildRules = (
			);
			dependencies = (
				40BD6D04204F367B006ACB55 /* PBXTargetDependency */,
			);
			name = PersistenceFrameworkTests;
			productName = PersistenceFrameworkTests;
			productReference = 40BD6D01204F367B006ACB55 /* PersistenceFrameworkTests.xctest */;
			productType = "com.apple.product-type.bundle.unit-test";
		};
/* End PBXNativeTarget section */

/* Begin PBXProject section */
		40BD6CEF204F367B006ACB55 /* Project object */ = {
			isa = PBXProject;
			attributes = {
				LastSwiftUpdateCheck = 0910;
				LastUpgradeCheck = 0910;
				ORGANIZATIONNAME = "Cristian Barril";
				TargetAttributes = {
					40BD6CF7204F367B006ACB55 = {
						CreatedOnToolsVersion = 9.1;
						LastSwiftMigration = 0910;
						ProvisioningStyle = Automatic;
					};
					40BD6D00204F367B006ACB55 = {
						CreatedOnToolsVersion = 9.1;
						ProvisioningStyle = Automatic;
					};
				};
			};
			buildConfigurationList = 40BD6CF2204F367B006ACB55 /* Build configuration list for PBXProject "PersistenceFramework" */;
			compatibilityVersion = "Xcode 8.0";
			developmentRegion = en;
			hasScannedForEncodings = 0;
			knownRegions = (
				en,
			);
			mainGroup = 40BD6CEE204F367B006ACB55;
			productRefGroup = 40BD6CF9204F367B006ACB55 /* Products */;
			projectDirPath = "";
			projectRoot = "";
			targets = (
				40BD6CF7204F367B006ACB55 /* PersistenceFramework */,
				40BD6D00204F367B006ACB55 /* PersistenceFrameworkTests */,
			);
		};
/* End PBXProject section */

/* Begin PBXResourcesBuildPhase section */
		40BD6CF6204F367B006ACB55 /* Resources */ = {
			isa = PBXResourcesBuildPhase;
			buildActionMask = 2147483647;
			files = (
			);
			runOnlyForDeploymentPostprocessing = 0;
		};
		40BD6CFF204F367B006ACB55 /* Resources */ = {
			isa = PBXResourcesBuildPhase;
			buildActionMask = 2147483647;
			files = (
			);
			runOnlyForDeploymentPostprocessing = 0;
		};
/* End PBXResourcesBuildPhase section */

/* Begin PBXShellScriptBuildPhase section */
		0E92423A6B9F602BCEFEEC2D /* [CP] Check Pods Manifest.lock */ = {
			isa = PBXShellScriptBuildPhase;
			buildActionMask = 2147483647;
			files = (
			);
			inputPaths = (
				"${PODS_PODFILE_DIR_PATH}/Podfile.lock",
				"${PODS_ROOT}/Manifest.lock",
			);
			name = "[CP] Check Pods Manifest.lock";
			outputPaths = (
				"$(DERIVED_FILE_DIR)/Pods-PersistenceFramework-checkManifestLockResult.txt",
			);
			runOnlyForDeploymentPostprocessing = 0;
			shellPath = /bin/sh;
			shellScript = "diff \"${PODS_PODFILE_DIR_PATH}/Podfile.lock\" \"${PODS_ROOT}/Manifest.lock\" > /dev/null\nif [ $? != 0 ] ; then\n    # print error to STDERR\n    echo \"error: The sandbox is not in sync with the Podfile.lock. Run 'pod install' or update your CocoaPods installation.\" >&2\n    exit 1\nfi\n# This output is used by Xcode 'outputs' to avoid re-running this script phase.\necho \"SUCCESS\" > \"${SCRIPT_OUTPUT_FILE_0}\"\n";
			showEnvVarsInLog = 0;
		};
		18AE784D2237C53E9674912D /* [CP] Embed Pods Frameworks */ = {
			isa = PBXShellScriptBuildPhase;
			buildActionMask = 2147483647;
			files = (
			);
			inputPaths = (
				"${SRCROOT}/Pods/Target Support Files/Pods-PersistenceFrameworkTests/Pods-PersistenceFrameworkTests-frameworks.sh",
				"${BUILT_PRODUCTS_DIR}/Realm/Realm.framework",
				"${BUILT_PRODUCTS_DIR}/RealmSwift/RealmSwift.framework",
			);
			name = "[CP] Embed Pods Frameworks";
			outputPaths = (
				"${TARGET_BUILD_DIR}/${FRAMEWORKS_FOLDER_PATH}/Realm.framework",
				"${TARGET_BUILD_DIR}/${FRAMEWORKS_FOLDER_PATH}/RealmSwift.framework",
			);
			runOnlyForDeploymentPostprocessing = 0;
			shellPath = /bin/sh;
			shellScript = "\"${SRCROOT}/Pods/Target Support Files/Pods-PersistenceFrameworkTests/Pods-PersistenceFrameworkTests-frameworks.sh\"\n";
			showEnvVarsInLog = 0;
		};
		649531B0313816D1A8A799D8 /* [CP] Check Pods Manifest.lock */ = {
			isa = PBXShellScriptBuildPhase;
			buildActionMask = 2147483647;
			files = (
			);
			inputPaths = (
				"${PODS_PODFILE_DIR_PATH}/Podfile.lock",
				"${PODS_ROOT}/Manifest.lock",
			);
			name = "[CP] Check Pods Manifest.lock";
			outputPaths = (
				"$(DERIVED_FILE_DIR)/Pods-PersistenceFrameworkTests-checkManifestLockResult.txt",
			);
			runOnlyForDeploymentPostprocessing = 0;
			shellPath = /bin/sh;
			shellScript = "diff \"${PODS_PODFILE_DIR_PATH}/Podfile.lock\" \"${PODS_ROOT}/Manifest.lock\" > /dev/null\nif [ $? != 0 ] ; then\n    # print error to STDERR\n    echo \"error: The sandbox is not in sync with the Podfile.lock. Run 'pod install' or update your CocoaPods installation.\" >&2\n    exit 1\nfi\n# This output is used by Xcode 'outputs' to avoid re-running this script phase.\necho \"SUCCESS\" > \"${SCRIPT_OUTPUT_FILE_0}\"\n";
			showEnvVarsInLog = 0;
		};
		C9319E45ED2E2ECA37ED49C3 /* [CP] Copy Pods Resources */ = {
			isa = PBXShellScriptBuildPhase;
			buildActionMask = 2147483647;
			files = (
			);
			inputPaths = (
			);
			name = "[CP] Copy Pods Resources";
			outputPaths = (
			);
			runOnlyForDeploymentPostprocessing = 0;
			shellPath = /bin/sh;
			shellScript = "\"${SRCROOT}/Pods/Target Support Files/Pods-PersistenceFrameworkTests/Pods-PersistenceFrameworkTests-resources.sh\"\n";
			showEnvVarsInLog = 0;
		};
		E81BAD8434EBCEA8CD1511B1 /* [CP] Copy Pods Resources */ = {
			isa = PBXShellScriptBuildPhase;
			buildActionMask = 2147483647;
			files = (
			);
			inputPaths = (
			);
			name = "[CP] Copy Pods Resources";
			outputPaths = (
			);
			runOnlyForDeploymentPostprocessing = 0;
			shellPath = /bin/sh;
			shellScript = "\"${SRCROOT}/Pods/Target Support Files/Pods-PersistenceFramework/Pods-PersistenceFramework-resources.sh\"\n";
			showEnvVarsInLog = 0;
		};
/* End PBXShellScriptBuildPhase section */

/* Begin PBXSourcesBuildPhase section */
		40BD6CF3204F367B006ACB55 /* Sources */ = {
			isa = PBXSourcesBuildPhase;
			buildActionMask = 2147483647;
			files = (
				40BD6D15204F36C7006ACB55 /* RealmAPI.swift in Sources */,
				40426FC3204F3B4B00720A53 /* Bundle.swift in Sources */,
				40BD6D1A204F36FC006ACB55 /* RealmManager.swift in Sources */,
				40426FC4204F3B4B00720A53 /* Url.swift in Sources */,
			);
			runOnlyForDeploymentPostprocessing = 0;
		};
		40BD6CFD204F367B006ACB55 /* Sources */ = {
			isa = PBXSourcesBuildPhase;
			buildActionMask = 2147483647;
			files = (
				40BD6D07204F367B006ACB55 /* PersistenceFrameworkTests.swift in Sources */,
			);
			runOnlyForDeploymentPostprocessing = 0;
		};
/* End PBXSourcesBuildPhase section */

/* Begin PBXTargetDependency section */
		40BD6D04204F367B006ACB55 /* PBXTargetDependency */ = {
			isa = PBXTargetDependency;
			target = 40BD6CF7204F367B006ACB55 /* PersistenceFramework */;
			targetProxy = 40BD6D03204F367B006ACB55 /* PBXContainerItemProxy */;
		};
/* End PBXTargetDependency section */

/* Begin XCBuildConfiguration section */
		40BD6D0A204F367B006ACB55 /* Debug */ = {
			isa = XCBuildConfiguration;
			buildSettings = {
				ALWAYS_SEARCH_USER_PATHS = NO;
				CLANG_ANALYZER_NONNULL = YES;
				CLANG_ANALYZER_NUMBER_OBJECT_CONVERSION = YES_AGGRESSIVE;
				CLANG_CXX_LANGUAGE_STANDARD = "gnu++14";
				CLANG_CXX_LIBRARY = "libc++";
				CLANG_ENABLE_MODULES = YES;
				CLANG_ENABLE_OBJC_ARC = YES;
				CLANG_WARN_BLOCK_CAPTURE_AUTORELEASING = YES;
				CLANG_WARN_BOOL_CONVERSION = YES;
				CLANG_WARN_COMMA = YES;
				CLANG_WARN_CONSTANT_CONVERSION = YES;
				CLANG_WARN_DIRECT_OBJC_ISA_USAGE = YES_ERROR;
				CLANG_WARN_DOCUMENTATION_COMMENTS = YES;
				CLANG_WARN_EMPTY_BODY = YES;
				CLANG_WARN_ENUM_CONVERSION = YES;
				CLANG_WARN_INFINITE_RECURSION = YES;
				CLANG_WARN_INT_CONVERSION = YES;
				CLANG_WARN_NON_LITERAL_NULL_CONVERSION = YES;
				CLANG_WARN_OBJC_LITERAL_CONVERSION = YES;
				CLANG_WARN_OBJC_ROOT_CLASS = YES_ERROR;
				CLANG_WARN_RANGE_LOOP_ANALYSIS = YES;
				CLANG_WARN_STRICT_PROTOTYPES = YES;
				CLANG_WARN_SUSPICIOUS_MOVE = YES;
				CLANG_WARN_UNGUARDED_AVAILABILITY = YES_AGGRESSIVE;
				CLANG_WARN_UNREACHABLE_CODE = YES;
				CLANG_WARN__DUPLICATE_METHOD_MATCH = YES;
				CODE_SIGN_IDENTITY = "iPhone Developer";
				COPY_PHASE_STRIP = NO;
				CURRENT_PROJECT_VERSION = 1;
				DEBUG_INFORMATION_FORMAT = dwarf;
				ENABLE_STRICT_OBJC_MSGSEND = YES;
				ENABLE_TESTABILITY = YES;
				GCC_C_LANGUAGE_STANDARD = gnu11;
				GCC_DYNAMIC_NO_PIC = NO;
				GCC_NO_COMMON_BLOCKS = YES;
				GCC_OPTIMIZATION_LEVEL = 0;
				GCC_PREPROCESSOR_DEFINITIONS = (
					"DEBUG=1",
					"$(inherited)",
				);
				GCC_WARN_64_TO_32_BIT_CONVERSION = YES;
				GCC_WARN_ABOUT_RETURN_TYPE = YES_ERROR;
				GCC_WARN_UNDECLARED_SELECTOR = YES;
				GCC_WARN_UNINITIALIZED_AUTOS = YES_AGGRESSIVE;
				GCC_WARN_UNUSED_FUNCTION = YES;
				GCC_WARN_UNUSED_VARIABLE = YES;
				IPHONEOS_DEPLOYMENT_TARGET = 11.1;
				MTL_ENABLE_DEBUG_INFO = YES;
				ONLY_ACTIVE_ARCH = YES;
				SDKROOT = iphoneos;
				SWIFT_ACTIVE_COMPILATION_CONDITIONS = DEBUG;
				SWIFT_OPTIMIZATION_LEVEL = "-Onone";
				VERSIONING_SYSTEM = "apple-generic";
				VERSION_INFO_PREFIX = "";
			};
			name = Debug;
		};
		40BD6D0B204F367B006ACB55 /* Release */ = {
			isa = XCBuildConfiguration;
			buildSettings = {
				ALWAYS_SEARCH_USER_PATHS = NO;
				CLANG_ANALYZER_NONNULL = YES;
				CLANG_ANALYZER_NUMBER_OBJECT_CONVERSION = YES_AGGRESSIVE;
				CLANG_CXX_LANGUAGE_STANDARD = "gnu++14";
				CLANG_CXX_LIBRARY = "libc++";
				CLANG_ENABLE_MODULES = YES;
				CLANG_ENABLE_OBJC_ARC = YES;
				CLANG_WARN_BLOCK_CAPTURE_AUTORELEASING = YES;
				CLANG_WARN_BOOL_CONVERSION = YES;
				CLANG_WARN_COMMA = YES;
				CLANG_WARN_CONSTANT_CONVERSION = YES;
				CLANG_WARN_DIRECT_OBJC_ISA_USAGE = YES_ERROR;
				CLANG_WARN_DOCUMENTATION_COMMENTS = YES;
				CLANG_WARN_EMPTY_BODY = YES;
				CLANG_WARN_ENUM_CONVERSION = YES;
				CLANG_WARN_INFINITE_RECURSION = YES;
				CLANG_WARN_INT_CONVERSION = YES;
				CLANG_WARN_NON_LITERAL_NULL_CONVERSION = YES;
				CLANG_WARN_OBJC_LITERAL_CONVERSION = YES;
				CLANG_WARN_OBJC_ROOT_CLASS = YES_ERROR;
				CLANG_WARN_RANGE_LOOP_ANALYSIS = YES;
				CLANG_WARN_STRICT_PROTOTYPES = YES;
				CLANG_WARN_SUSPICIOUS_MOVE = YES;
				CLANG_WARN_UNGUARDED_AVAILABILITY = YES_AGGRESSIVE;
				CLANG_WARN_UNREACHABLE_CODE = YES;
				CLANG_WARN__DUPLICATE_METHOD_MATCH = YES;
				CODE_SIGN_IDENTITY = "iPhone Developer";
				COPY_PHASE_STRIP = NO;
				CURRENT_PROJECT_VERSION = 1;
				DEBUG_INFORMATION_FORMAT = "dwarf-with-dsym";
				ENABLE_NS_ASSERTIONS = NO;
				ENABLE_STRICT_OBJC_MSGSEND = YES;
				GCC_C_LANGUAGE_STANDARD = gnu11;
				GCC_NO_COMMON_BLOCKS = YES;
				GCC_WARN_64_TO_32_BIT_CONVERSION = YES;
				GCC_WARN_ABOUT_RETURN_TYPE = YES_ERROR;
				GCC_WARN_UNDECLARED_SELECTOR = YES;
				GCC_WARN_UNINITIALIZED_AUTOS = YES_AGGRESSIVE;
				GCC_WARN_UNUSED_FUNCTION = YES;
				GCC_WARN_UNUSED_VARIABLE = YES;
				IPHONEOS_DEPLOYMENT_TARGET = 11.1;
				MTL_ENABLE_DEBUG_INFO = NO;
				SDKROOT = iphoneos;
				SWIFT_OPTIMIZATION_LEVEL = "-Owholemodule";
				VALIDATE_PRODUCT = YES;
				VERSIONING_SYSTEM = "apple-generic";
				VERSION_INFO_PREFIX = "";
			};
			name = Release;
		};
		40BD6D0D204F367B006ACB55 /* Debug */ = {
			isa = XCBuildConfiguration;
			baseConfigurationReference = FC4999F20C24E1AC66F6629F /* Pods-PersistenceFramework.debug.xcconfig */;
			buildSettings = {
				CLANG_ENABLE_MODULES = YES;
				CODE_SIGN_IDENTITY = "";
				CODE_SIGN_STYLE = Automatic;
				DEFINES_MODULE = YES;
				DEVELOPMENT_TEAM = TDPW677V66;
				DYLIB_COMPATIBILITY_VERSION = 1;
				DYLIB_CURRENT_VERSION = 1;
				DYLIB_INSTALL_NAME_BASE = "@rpath";
				INFOPLIST_FILE = PersistenceFramework/Info.plist;
				INSTALL_PATH = "$(LOCAL_LIBRARY_DIR)/Frameworks";
				LD_RUNPATH_SEARCH_PATHS = "$(inherited) @executable_path/Frameworks @loader_path/Frameworks";
				PRODUCT_BUNDLE_IDENTIFIER = CristianBarril.PersistenceFramework;
				PRODUCT_NAME = "$(TARGET_NAME:c99extidentifier)";
				SKIP_INSTALL = YES;
				SWIFT_OPTIMIZATION_LEVEL = "-Onone";
				SWIFT_VERSION = 4.0;
				TARGETED_DEVICE_FAMILY = "1,2";
			};
			name = Debug;
		};
		40BD6D0E204F367B006ACB55 /* Release */ = {
			isa = XCBuildConfiguration;
			baseConfigurationReference = 3255651D4871416F100B57DE /* Pods-PersistenceFramework.release.xcconfig */;
			buildSettings = {
				CLANG_ENABLE_MODULES = YES;
				CODE_SIGN_IDENTITY = "";
				CODE_SIGN_STYLE = Automatic;
				DEFINES_MODULE = YES;
				DEVELOPMENT_TEAM = TDPW677V66;
				DYLIB_COMPATIBILITY_VERSION = 1;
				DYLIB_CURRENT_VERSION = 1;
				DYLIB_INSTALL_NAME_BASE = "@rpath";
				INFOPLIST_FILE = PersistenceFramework/Info.plist;
				INSTALL_PATH = "$(LOCAL_LIBRARY_DIR)/Frameworks";
				LD_RUNPATH_SEARCH_PATHS = "$(inherited) @executable_path/Frameworks @loader_path/Frameworks";
				PRODUCT_BUNDLE_IDENTIFIER = CristianBarril.PersistenceFramework;
				PRODUCT_NAME = "$(TARGET_NAME:c99extidentifier)";
				SKIP_INSTALL = YES;
				SWIFT_VERSION = 4.0;
				TARGETED_DEVICE_FAMILY = "1,2";
			};
			name = Release;
		};
		40BD6D10204F367B006ACB55 /* Debug */ = {
			isa = XCBuildConfiguration;
			baseConfigurationReference = F3BB5507B7F9F33E4255CCB3 /* Pods-PersistenceFrameworkTests.debug.xcconfig */;
			buildSettings = {
				ALWAYS_EMBED_SWIFT_STANDARD_LIBRARIES = YES;
				CODE_SIGN_STYLE = Automatic;
				DEVELOPMENT_TEAM = TDPW677V66;
				INFOPLIST_FILE = PersistenceFrameworkTests/Info.plist;
				LD_RUNPATH_SEARCH_PATHS = "$(inherited) @executable_path/Frameworks @loader_path/Frameworks";
				PRODUCT_BUNDLE_IDENTIFIER = CristianBarril.PersistenceFrameworkTests;
				PRODUCT_NAME = "$(TARGET_NAME)";
				SWIFT_VERSION = 4.0;
				TARGETED_DEVICE_FAMILY = "1,2";
			};
			name = Debug;
		};
		40BD6D11204F367B006ACB55 /* Release */ = {
			isa = XCBuildConfiguration;
			baseConfigurationReference = 6F6AB9017BFAF7CCCE834D74 /* Pods-PersistenceFrameworkTests.release.xcconfig */;
			buildSettings = {
				ALWAYS_EMBED_SWIFT_STANDARD_LIBRARIES = YES;
				CODE_SIGN_STYLE = Automatic;
				DEVELOPMENT_TEAM = TDPW677V66;
				INFOPLIST_FILE = PersistenceFrameworkTests/Info.plist;
				LD_RUNPATH_SEARCH_PATHS = "$(inherited) @executable_path/Frameworks @loader_path/Frameworks";
				PRODUCT_BUNDLE_IDENTIFIER = CristianBarril.PersistenceFrameworkTests;
				PRODUCT_NAME = "$(TARGET_NAME)";
				SWIFT_VERSION = 4.0;
				TARGETED_DEVICE_FAMILY = "1,2";
			};
			name = Release;
		};
/* End XCBuildConfiguration section */

/* Begin XCConfigurationList section */
		40BD6CF2204F367B006ACB55 /* Build configuration list for PBXProject "PersistenceFramework" */ = {
			isa = XCConfigurationList;
			buildConfigurations = (
				40BD6D0A204F367B006ACB55 /* Debug */,
				40BD6D0B204F367B006ACB55 /* Release */,
			);
			defaultConfigurationIsVisible = 0;
			defaultConfigurationName = Release;
		};
		40BD6D0C204F367B006ACB55 /* Build configuration list for PBXNativeTarget "PersistenceFramework" */ = {
			isa = XCConfigurationList;
			buildConfigurations = (
				40BD6D0D204F367B006ACB55 /* Debug */,
				40BD6D0E204F367B006ACB55 /* Release */,
			);
			defaultConfigurationIsVisible = 0;
			defaultConfigurationName = Release;
		};
		40BD6D0F204F367B006ACB55 /* Build configuration list for PBXNativeTarget "PersistenceFrameworkTests" */ = {
			isa = XCConfigurationList;
			buildConfigurations = (
				40BD6D10204F367B006ACB55 /* Debug */,
				40BD6D11204F367B006ACB55 /* Release */,
			);
			defaultConfigurationIsVisible = 0;
			defaultConfigurationName = Release;
		};
/* End XCConfigurationList section */
	};
	rootObject = 40BD6CEF204F367B006ACB55 /* Project object */;
}
